// !$*UTF8*$!
{
	archiveVersion = 1;
	classes = {
	};
	objectVersion = 50;
	objects = {

/* Begin PBXBuildFile section */
		931AF3082667F0BF00CBFF6D /* ColorBar.cpp in Sources */ = {isa = PBXBuildFile; fileRef = 931AF3062667F0BF00CBFF6D /* ColorBar.cpp */; };
		931AF3112667FD7A00CBFF6D /* Courier New Italic.ttf in Copy Files */ = {isa = PBXBuildFile; fileRef = 931AF3092667FD7A00CBFF6D /* Courier New Italic.ttf */; };
		931AF3122667FD7A00CBFF6D /* Courier New.ttf in Copy Files */ = {isa = PBXBuildFile; fileRef = 931AF30A2667FD7A00CBFF6D /* Courier New.ttf */; };
		931AF3132667FD7A00CBFF6D /* Courier New Bold.ttf in Copy Files */ = {isa = PBXBuildFile; fileRef = 931AF30B2667FD7A00CBFF6D /* Courier New Bold.ttf */; };
		931AF3142667FD7A00CBFF6D /* Times New Roman.ttf in Copy Files */ = {isa = PBXBuildFile; fileRef = 931AF30C2667FD7A00CBFF6D /* Times New Roman.ttf */; };
		931AF3152667FD7A00CBFF6D /* Times New Roman Bold.ttf in Copy Files */ = {isa = PBXBuildFile; fileRef = 931AF30D2667FD7A00CBFF6D /* Times New Roman Bold.ttf */; };
		931AF3162667FD7A00CBFF6D /* Arial Italic.ttf in Copy Files */ = {isa = PBXBuildFile; fileRef = 931AF30E2667FD7A00CBFF6D /* Arial Italic.ttf */; };
		931AF3172667FD7A00CBFF6D /* Arial Bold.ttf in Copy Files */ = {isa = PBXBuildFile; fileRef = 931AF30F2667FD7A00CBFF6D /* Arial Bold.ttf */; };
		931AF3182667FD7A00CBFF6D /* Times New Roman Italic.ttf in Copy Files */ = {isa = PBXBuildFile; fileRef = 931AF3102667FD7A00CBFF6D /* Times New Roman Italic.ttf */; };
		931AF31C2667FE1100CBFF6D /* Verdana.ttf in Copy Files */ = {isa = PBXBuildFile; fileRef = 931AF3192667FE1100CBFF6D /* Verdana.ttf */; };
		931AF31D2667FE1100CBFF6D /* Verdana Italic.ttf in Copy Files */ = {isa = PBXBuildFile; fileRef = 931AF31A2667FE1100CBFF6D /* Verdana Italic.ttf */; };
		931AF31E2667FE1100CBFF6D /* Verdana Bold.ttf in Copy Files */ = {isa = PBXBuildFile; fileRef = 931AF31B2667FE1100CBFF6D /* Verdana Bold.ttf */; };
		931AF32126680B5A00CBFF6D /* Item.cpp in Sources */ = {isa = PBXBuildFile; fileRef = 931AF31F26680B5A00CBFF6D /* Item.cpp */; };
		931AF32426680DD400CBFF6D /* InputBox.cpp in Sources */ = {isa = PBXBuildFile; fileRef = 931AF32226680DD400CBFF6D /* InputBox.cpp */; };
		931AF327266818E800CBFF6D /* ItemList.cpp in Sources */ = {isa = PBXBuildFile; fileRef = 931AF325266818E800CBFF6D /* ItemList.cpp */; };
		931AF32A26681D1200CBFF6D /* DropDownMenu.cpp in Sources */ = {isa = PBXBuildFile; fileRef = 931AF32826681D1200CBFF6D /* DropDownMenu.cpp */; };
		931AF32D26681F3A00CBFF6D /* FontSetting.cpp in Sources */ = {isa = PBXBuildFile; fileRef = 931AF32B26681F3A00CBFF6D /* FontSetting.cpp */; };
		93369750266EC5DB00E7B03E /* WindowDialog.cpp in Sources */ = {isa = PBXBuildFile; fileRef = 9336974E266EC5DB00E7B03E /* WindowDialog.cpp */; };
		93385FB82670183100F5396F /* FileItem.cpp in Sources */ = {isa = PBXBuildFile; fileRef = 93385FB62670183100F5396F /* FileItem.cpp */; };
		93385FBB26701AF100F5396F /* folder.png in Copy Files */ = {isa = PBXBuildFile; fileRef = 93385FB926701AF100F5396F /* folder.png */; };
		93385FBC26701AF100F5396F /* file.png in Copy Files */ = {isa = PBXBuildFile; fileRef = 93385FBA26701AF100F5396F /* file.png */; };
		93385FBF267021C300F5396F /* FileNode.cpp in Sources */ = {isa = PBXBuildFile; fileRef = 93385FBD267021C300F5396F /* FileNode.cpp */; };
		93385FC22670264F00F5396F /* FileTree.cpp in Sources */ = {isa = PBXBuildFile; fileRef = 93385FC02670264F00F5396F /* FileTree.cpp */; };
		93385FC526702A5000F5396F /* projs in Copy Files */ = {isa = PBXBuildFile; fileRef = 93385FC326702A5000F5396F /* projs */; };
		93385FC626702A5000F5396F /* images in Copy Files */ = {isa = PBXBuildFile; fileRef = 93385FC426702A5000F5396F /* images */; };
		93385FC926706B7100F5396F /* NewFile.cpp in Sources */ = {isa = PBXBuildFile; fileRef = 93385FC726706B7100F5396F /* NewFile.cpp */; };
		93385FCB2670735400F5396F /* BottomMenu.cpp in Sources */ = {isa = PBXBuildFile; fileRef = 93385FCA2670735400F5396F /* BottomMenu.cpp */; };
		935050A02666F4B4002CCAA2 /* ColorSquare.cpp in Sources */ = {isa = PBXBuildFile; fileRef = 9350509E2666F4B4002CCAA2 /* ColorSquare.cpp */; };
		935050A32666FA17002CCAA2 /* ColorList.cpp in Sources */ = {isa = PBXBuildFile; fileRef = 935050A12666FA17002CCAA2 /* ColorList.cpp */; };
		935050A626670C60002CCAA2 /* ColorGradient.cpp in Sources */ = {isa = PBXBuildFile; fileRef = 935050A426670C60002CCAA2 /* ColorGradient.cpp */; };
		935050A926672C6E002CCAA2 /* ColorPicker.cpp in Sources */ = {isa = PBXBuildFile; fileRef = 935050A726672C6E002CCAA2 /* ColorPicker.cpp */; };
		93516F8A26645BB400DE7F32 /* Arial.ttf in Copy Files */ = {isa = PBXBuildFile; fileRef = 93516F8726645BB400DE7F32 /* Arial.ttf */; };
		93516F912665834E00DE7F32 /* LogoMaker.cpp in Sources */ = {isa = PBXBuildFile; fileRef = 93516F8F2665834E00DE7F32 /* LogoMaker.cpp */; };
		93516F94266585F000DE7F32 /* TextInputBox.cpp in Sources */ = {isa = PBXBuildFile; fileRef = 93516F92266585F000DE7F32 /* TextInputBox.cpp */; };
		93516F97266586F900DE7F32 /* Cursor.cpp in Sources */ = {isa = PBXBuildFile; fileRef = 93516F95266586F900DE7F32 /* Cursor.cpp */; };
		93516F9A2665886F00DE7F32 /* Typing.cpp in Sources */ = {isa = PBXBuildFile; fileRef = 93516F982665886F00DE7F32 /* Typing.cpp */; };
		93516F9D2665908100DE7F32 /* TextInput.cpp in Sources */ = {isa = PBXBuildFile; fileRef = 93516F9B2665908100DE7F32 /* TextInput.cpp */; };
		9369EB36266C8C3400D6D00C /* MenuBar.cpp in Sources */ = {isa = PBXBuildFile; fileRef = 9369EB34266C8C3400D6D00C /* MenuBar.cpp */; };
		9369EB39266C97DA00D6D00C /* Menu.cpp in Sources */ = {isa = PBXBuildFile; fileRef = 9369EB37266C97DA00D6D00C /* Menu.cpp */; };
		936ADFA3266032CB00A0AF0F /* main.cpp in Sources */ = {isa = PBXBuildFile; fileRef = 936ADFA2266032CB00A0AF0F /* main.cpp */; };
		936ADFAF2660363900A0AF0F /* libsfml-graphics.2.5.1.dylib in Frameworks */ = {isa = PBXBuildFile; fileRef = 936ADFAA2660363900A0AF0F /* libsfml-graphics.2.5.1.dylib */; };
		936ADFB02660363900A0AF0F /* libsfml-audio.2.5.1.dylib in Frameworks */ = {isa = PBXBuildFile; fileRef = 936ADFAB2660363900A0AF0F /* libsfml-audio.2.5.1.dylib */; };
		936ADFB12660363900A0AF0F /* libsfml-system.2.5.1.dylib in Frameworks */ = {isa = PBXBuildFile; fileRef = 936ADFAC2660363900A0AF0F /* libsfml-system.2.5.1.dylib */; };
		936ADFB22660363900A0AF0F /* libsfml-window.2.5.1.dylib in Frameworks */ = {isa = PBXBuildFile; fileRef = 936ADFAD2660363900A0AF0F /* libsfml-window.2.5.1.dylib */; };
		936ADFB32660363900A0AF0F /* libsfml-network.2.5.1.dylib in Frameworks */ = {isa = PBXBuildFile; fileRef = 936ADFAE2660363900A0AF0F /* libsfml-network.2.5.1.dylib */; };
		936ADFB62660381600A0AF0F /* Slider.cpp in Sources */ = {isa = PBXBuildFile; fileRef = 936ADFB42660381600A0AF0F /* Slider.cpp */; };
		936ADFBA2660396C00A0AF0F /* History.cpp in Sources */ = {isa = PBXBuildFile; fileRef = 936ADFB72660396C00A0AF0F /* History.cpp */; };
		936ADFBB2660396C00A0AF0F /* Snapshot.cpp in Sources */ = {isa = PBXBuildFile; fileRef = 936ADFB82660396C00A0AF0F /* Snapshot.cpp */; };
		936ADFBC2660396C00A0AF0F /* States.cpp in Sources */ = {isa = PBXBuildFile; fileRef = 936ADFB92660396C00A0AF0F /* States.cpp */; };
		936ADFC52660399300A0AF0F /* Snapshot.hpp in Copy Files */ = {isa = PBXBuildFile; fileRef = 936ADFBD2660399300A0AF0F /* Snapshot.hpp */; };
		936ADFC62660399300A0AF0F /* SnapshotInterface.hpp in Copy Files */ = {isa = PBXBuildFile; fileRef = 936ADFBE2660399300A0AF0F /* SnapshotInterface.hpp */; };
		936ADFC72660399300A0AF0F /* GUIComponent.hpp in Copy Files */ = {isa = PBXBuildFile; fileRef = 936ADFBF2660399300A0AF0F /* GUIComponent.hpp */; };
		936ADFC82660399300A0AF0F /* States.hpp in Copy Files */ = {isa = PBXBuildFile; fileRef = 936ADFC02660399300A0AF0F /* States.hpp */; };
		936ADFCA2660399300A0AF0F /* History.hpp in Copy Files */ = {isa = PBXBuildFile; fileRef = 936ADFC22660399300A0AF0F /* History.hpp */; };
		936ADFCB2660399300A0AF0F /* MouseEvents.hpp in Copy Files */ = {isa = PBXBuildFile; fileRef = 936ADFC32660399300A0AF0F /* MouseEvents.hpp */; };
		936ADFCC2660399300A0AF0F /* EventHandler.hpp in Copy Files */ = {isa = PBXBuildFile; fileRef = 936ADFC42660399300A0AF0F /* EventHandler.hpp */; };
/* End PBXBuildFile section */

/* Begin PBXCopyFilesBuildPhase section */
		936ADF9D266032CB00A0AF0F /* Copy Files */ = {
			isa = PBXCopyFilesBuildPhase;
			buildActionMask = 2147483647;
			dstPath = /usr/share/man/man1;
			dstSubfolderSpec = 0;
			files = (
				93385FC526702A5000F5396F /* projs in Copy Files */,
				93385FC626702A5000F5396F /* images in Copy Files */,
				93385FBB26701AF100F5396F /* folder.png in Copy Files */,
				93385FBC26701AF100F5396F /* file.png in Copy Files */,
				931AF31C2667FE1100CBFF6D /* Verdana.ttf in Copy Files */,
				931AF31D2667FE1100CBFF6D /* Verdana Italic.ttf in Copy Files */,
				931AF31E2667FE1100CBFF6D /* Verdana Bold.ttf in Copy Files */,
				931AF3112667FD7A00CBFF6D /* Courier New Italic.ttf in Copy Files */,
				931AF3122667FD7A00CBFF6D /* Courier New.ttf in Copy Files */,
				931AF3132667FD7A00CBFF6D /* Courier New Bold.ttf in Copy Files */,
				931AF3142667FD7A00CBFF6D /* Times New Roman.ttf in Copy Files */,
				931AF3152667FD7A00CBFF6D /* Times New Roman Bold.ttf in Copy Files */,
				931AF3162667FD7A00CBFF6D /* Arial Italic.ttf in Copy Files */,
				931AF3172667FD7A00CBFF6D /* Arial Bold.ttf in Copy Files */,
				931AF3182667FD7A00CBFF6D /* Times New Roman Italic.ttf in Copy Files */,
				93516F8A26645BB400DE7F32 /* Arial.ttf in Copy Files */,
				936ADFC52660399300A0AF0F /* Snapshot.hpp in Copy Files */,
				936ADFC62660399300A0AF0F /* SnapshotInterface.hpp in Copy Files */,
				936ADFC72660399300A0AF0F /* GUIComponent.hpp in Copy Files */,
				936ADFC82660399300A0AF0F /* States.hpp in Copy Files */,
				936ADFCA2660399300A0AF0F /* History.hpp in Copy Files */,
				936ADFCB2660399300A0AF0F /* MouseEvents.hpp in Copy Files */,
				936ADFCC2660399300A0AF0F /* EventHandler.hpp in Copy Files */,
			);
			name = "Copy Files";
			runOnlyForDeploymentPostprocessing = 1;
		};
/* End PBXCopyFilesBuildPhase section */

/* Begin PBXFileReference section */
		931AF3062667F0BF00CBFF6D /* ColorBar.cpp */ = {isa = PBXFileReference; lastKnownFileType = sourcecode.cpp.cpp; path = ColorBar.cpp; sourceTree = "<group>"; };
		931AF3072667F0BF00CBFF6D /* ColorBar.hpp */ = {isa = PBXFileReference; lastKnownFileType = sourcecode.cpp.h; path = ColorBar.hpp; sourceTree = "<group>"; };
		931AF3092667FD7A00CBFF6D /* Courier New Italic.ttf */ = {isa = PBXFileReference; lastKnownFileType = file; path = "Courier New Italic.ttf"; sourceTree = "<group>"; };
		931AF30A2667FD7A00CBFF6D /* Courier New.ttf */ = {isa = PBXFileReference; lastKnownFileType = file; path = "Courier New.ttf"; sourceTree = "<group>"; };
		931AF30B2667FD7A00CBFF6D /* Courier New Bold.ttf */ = {isa = PBXFileReference; lastKnownFileType = file; path = "Courier New Bold.ttf"; sourceTree = "<group>"; };
		931AF30C2667FD7A00CBFF6D /* Times New Roman.ttf */ = {isa = PBXFileReference; lastKnownFileType = file; path = "Times New Roman.ttf"; sourceTree = "<group>"; };
		931AF30D2667FD7A00CBFF6D /* Times New Roman Bold.ttf */ = {isa = PBXFileReference; lastKnownFileType = file; path = "Times New Roman Bold.ttf"; sourceTree = "<group>"; };
		931AF30E2667FD7A00CBFF6D /* Arial Italic.ttf */ = {isa = PBXFileReference; lastKnownFileType = file; path = "Arial Italic.ttf"; sourceTree = "<group>"; };
		931AF30F2667FD7A00CBFF6D /* Arial Bold.ttf */ = {isa = PBXFileReference; lastKnownFileType = file; path = "Arial Bold.ttf"; sourceTree = "<group>"; };
		931AF3102667FD7A00CBFF6D /* Times New Roman Italic.ttf */ = {isa = PBXFileReference; lastKnownFileType = file; path = "Times New Roman Italic.ttf"; sourceTree = "<group>"; };
		931AF3192667FE1100CBFF6D /* Verdana.ttf */ = {isa = PBXFileReference; lastKnownFileType = file; path = Verdana.ttf; sourceTree = "<group>"; };
		931AF31A2667FE1100CBFF6D /* Verdana Italic.ttf */ = {isa = PBXFileReference; lastKnownFileType = file; path = "Verdana Italic.ttf"; sourceTree = "<group>"; };
		931AF31B2667FE1100CBFF6D /* Verdana Bold.ttf */ = {isa = PBXFileReference; lastKnownFileType = file; path = "Verdana Bold.ttf"; sourceTree = "<group>"; };
		931AF31F26680B5A00CBFF6D /* Item.cpp */ = {isa = PBXFileReference; lastKnownFileType = sourcecode.cpp.cpp; path = Item.cpp; sourceTree = "<group>"; };
		931AF32026680B5A00CBFF6D /* Item.hpp */ = {isa = PBXFileReference; lastKnownFileType = sourcecode.cpp.h; path = Item.hpp; sourceTree = "<group>"; };
		931AF32226680DD400CBFF6D /* InputBox.cpp */ = {isa = PBXFileReference; lastKnownFileType = sourcecode.cpp.cpp; path = InputBox.cpp; sourceTree = "<group>"; };
		931AF32326680DD400CBFF6D /* InputBox.hpp */ = {isa = PBXFileReference; lastKnownFileType = sourcecode.cpp.h; path = InputBox.hpp; sourceTree = "<group>"; };
		931AF325266818E800CBFF6D /* ItemList.cpp */ = {isa = PBXFileReference; lastKnownFileType = sourcecode.cpp.cpp; path = ItemList.cpp; sourceTree = "<group>"; };
		931AF326266818E800CBFF6D /* ItemList.hpp */ = {isa = PBXFileReference; lastKnownFileType = sourcecode.cpp.h; path = ItemList.hpp; sourceTree = "<group>"; };
		931AF32826681D1200CBFF6D /* DropDownMenu.cpp */ = {isa = PBXFileReference; lastKnownFileType = sourcecode.cpp.cpp; path = DropDownMenu.cpp; sourceTree = "<group>"; };
		931AF32926681D1200CBFF6D /* DropDownMenu.hpp */ = {isa = PBXFileReference; lastKnownFileType = sourcecode.cpp.h; path = DropDownMenu.hpp; sourceTree = "<group>"; };
		931AF32B26681F3A00CBFF6D /* FontSetting.cpp */ = {isa = PBXFileReference; lastKnownFileType = sourcecode.cpp.cpp; path = FontSetting.cpp; sourceTree = "<group>"; };
		931AF32C26681F3A00CBFF6D /* FontSetting.hpp */ = {isa = PBXFileReference; lastKnownFileType = sourcecode.cpp.h; path = FontSetting.hpp; sourceTree = "<group>"; };
		9336974E266EC5DB00E7B03E /* WindowDialog.cpp */ = {isa = PBXFileReference; lastKnownFileType = sourcecode.cpp.cpp; path = WindowDialog.cpp; sourceTree = "<group>"; };
		9336974F266EC5DB00E7B03E /* WindowDialog.hpp */ = {isa = PBXFileReference; lastKnownFileType = sourcecode.cpp.h; path = WindowDialog.hpp; sourceTree = "<group>"; };
		93385FB62670183100F5396F /* FileItem.cpp */ = {isa = PBXFileReference; lastKnownFileType = sourcecode.cpp.cpp; path = FileItem.cpp; sourceTree = "<group>"; };
		93385FB72670183100F5396F /* FileItem.hpp */ = {isa = PBXFileReference; lastKnownFileType = sourcecode.cpp.h; path = FileItem.hpp; sourceTree = "<group>"; };
		93385FB926701AF100F5396F /* folder.png */ = {isa = PBXFileReference; lastKnownFileType = image.png; path = folder.png; sourceTree = "<group>"; };
		93385FBA26701AF100F5396F /* file.png */ = {isa = PBXFileReference; lastKnownFileType = image.png; path = file.png; sourceTree = "<group>"; };
		93385FBD267021C300F5396F /* FileNode.cpp */ = {isa = PBXFileReference; lastKnownFileType = sourcecode.cpp.cpp; path = FileNode.cpp; sourceTree = "<group>"; };
		93385FBE267021C300F5396F /* FileNode.hpp */ = {isa = PBXFileReference; lastKnownFileType = sourcecode.cpp.h; path = FileNode.hpp; sourceTree = "<group>"; };
		93385FC02670264F00F5396F /* FileTree.cpp */ = {isa = PBXFileReference; lastKnownFileType = sourcecode.cpp.cpp; path = FileTree.cpp; sourceTree = "<group>"; };
		93385FC12670264F00F5396F /* FileTree.hpp */ = {isa = PBXFileReference; lastKnownFileType = sourcecode.cpp.h; path = FileTree.hpp; sourceTree = "<group>"; };
		93385FC326702A5000F5396F /* projs */ = {isa = PBXFileReference; lastKnownFileType = folder; name = projs; path = LogoMaker/projs; sourceTree = "<group>"; };
		93385FC426702A5000F5396F /* images */ = {isa = PBXFileReference; lastKnownFileType = folder; name = images; path = LogoMaker/images; sourceTree = "<group>"; };
		93385FC726706B7100F5396F /* NewFile.cpp */ = {isa = PBXFileReference; lastKnownFileType = sourcecode.cpp.cpp; path = NewFile.cpp; sourceTree = "<group>"; };
		93385FC826706B7100F5396F /* NewFile.hpp */ = {isa = PBXFileReference; lastKnownFileType = sourcecode.cpp.h; path = NewFile.hpp; sourceTree = "<group>"; };
		93385FCA2670735400F5396F /* BottomMenu.cpp */ = {isa = PBXFileReference; lastKnownFileType = sourcecode.cpp.cpp; path = BottomMenu.cpp; sourceTree = "<group>"; };
		9350509E2666F4B4002CCAA2 /* ColorSquare.cpp */ = {isa = PBXFileReference; lastKnownFileType = sourcecode.cpp.cpp; path = ColorSquare.cpp; sourceTree = "<group>"; };
		9350509F2666F4B4002CCAA2 /* ColorSquare.hpp */ = {isa = PBXFileReference; lastKnownFileType = sourcecode.cpp.h; path = ColorSquare.hpp; sourceTree = "<group>"; };
		935050A12666FA17002CCAA2 /* ColorList.cpp */ = {isa = PBXFileReference; lastKnownFileType = sourcecode.cpp.cpp; path = ColorList.cpp; sourceTree = "<group>"; };
		935050A22666FA17002CCAA2 /* ColorList.hpp */ = {isa = PBXFileReference; lastKnownFileType = sourcecode.cpp.h; path = ColorList.hpp; sourceTree = "<group>"; };
		935050A426670C60002CCAA2 /* ColorGradient.cpp */ = {isa = PBXFileReference; lastKnownFileType = sourcecode.cpp.cpp; path = ColorGradient.cpp; sourceTree = "<group>"; };
		935050A526670C60002CCAA2 /* ColorGradient.hpp */ = {isa = PBXFileReference; lastKnownFileType = sourcecode.cpp.h; path = ColorGradient.hpp; sourceTree = "<group>"; };
		935050A726672C6E002CCAA2 /* ColorPicker.cpp */ = {isa = PBXFileReference; lastKnownFileType = sourcecode.cpp.cpp; path = ColorPicker.cpp; sourceTree = "<group>"; };
		935050A826672C6E002CCAA2 /* ColorPicker.hpp */ = {isa = PBXFileReference; lastKnownFileType = sourcecode.cpp.h; path = ColorPicker.hpp; sourceTree = "<group>"; };
		93516F8726645BB400DE7F32 /* Arial.ttf */ = {isa = PBXFileReference; lastKnownFileType = file; path = Arial.ttf; sourceTree = "<group>"; };
		93516F8F2665834E00DE7F32 /* LogoMaker.cpp */ = {isa = PBXFileReference; lastKnownFileType = sourcecode.cpp.cpp; path = LogoMaker.cpp; sourceTree = "<group>"; };
		93516F902665834E00DE7F32 /* LogoMaker.hpp */ = {isa = PBXFileReference; lastKnownFileType = sourcecode.cpp.h; path = LogoMaker.hpp; sourceTree = "<group>"; };
		93516F92266585F000DE7F32 /* TextInputBox.cpp */ = {isa = PBXFileReference; lastKnownFileType = sourcecode.cpp.cpp; path = TextInputBox.cpp; sourceTree = "<group>"; };
		93516F93266585F000DE7F32 /* TextInputBox.hpp */ = {isa = PBXFileReference; lastKnownFileType = sourcecode.cpp.h; path = TextInputBox.hpp; sourceTree = "<group>"; };
		93516F95266586F900DE7F32 /* Cursor.cpp */ = {isa = PBXFileReference; lastKnownFileType = sourcecode.cpp.cpp; path = Cursor.cpp; sourceTree = "<group>"; };
		93516F96266586F900DE7F32 /* Cursor.hpp */ = {isa = PBXFileReference; lastKnownFileType = sourcecode.cpp.h; path = Cursor.hpp; sourceTree = "<group>"; };
		93516F982665886F00DE7F32 /* Typing.cpp */ = {isa = PBXFileReference; lastKnownFileType = sourcecode.cpp.cpp; path = Typing.cpp; sourceTree = "<group>"; };
		93516F992665886F00DE7F32 /* Typing.hpp */ = {isa = PBXFileReference; lastKnownFileType = sourcecode.cpp.h; path = Typing.hpp; sourceTree = "<group>"; };
		93516F9B2665908100DE7F32 /* TextInput.cpp */ = {isa = PBXFileReference; lastKnownFileType = sourcecode.cpp.cpp; path = TextInput.cpp; sourceTree = "<group>"; };
		93516F9C2665908100DE7F32 /* TextInput.hpp */ = {isa = PBXFileReference; lastKnownFileType = sourcecode.cpp.h; path = TextInput.hpp; sourceTree = "<group>"; };
		9369EB34266C8C3400D6D00C /* MenuBar.cpp */ = {isa = PBXFileReference; lastKnownFileType = sourcecode.cpp.cpp; path = MenuBar.cpp; sourceTree = "<group>"; };
		9369EB35266C8C3400D6D00C /* MenuBar.hpp */ = {isa = PBXFileReference; lastKnownFileType = sourcecode.cpp.h; path = MenuBar.hpp; sourceTree = "<group>"; };
		9369EB37266C97DA00D6D00C /* Menu.cpp */ = {isa = PBXFileReference; lastKnownFileType = sourcecode.cpp.cpp; path = Menu.cpp; sourceTree = "<group>"; };
		9369EB38266C97DA00D6D00C /* Menu.hpp */ = {isa = PBXFileReference; lastKnownFileType = sourcecode.cpp.h; path = Menu.hpp; sourceTree = "<group>"; };
		936ADF9F266032CB00A0AF0F /* LogoMaker */ = {isa = PBXFileReference; explicitFileType = "compiled.mach-o.executable"; includeInIndex = 0; path = LogoMaker; sourceTree = BUILT_PRODUCTS_DIR; };
		936ADFA2266032CB00A0AF0F /* main.cpp */ = {isa = PBXFileReference; lastKnownFileType = sourcecode.cpp.cpp; path = main.cpp; sourceTree = "<group>"; };
		936ADFAA2660363900A0AF0F /* libsfml-graphics.2.5.1.dylib */ = {isa = PBXFileReference; lastKnownFileType = "compiled.mach-o.dylib"; name = "libsfml-graphics.2.5.1.dylib"; path = "ExternalLibrary/SFML/lib/libsfml-graphics.2.5.1.dylib"; sourceTree = "<group>"; };
		936ADFAB2660363900A0AF0F /* libsfml-audio.2.5.1.dylib */ = {isa = PBXFileReference; lastKnownFileType = "compiled.mach-o.dylib"; name = "libsfml-audio.2.5.1.dylib"; path = "ExternalLibrary/SFML/lib/libsfml-audio.2.5.1.dylib"; sourceTree = "<group>"; };
		936ADFAC2660363900A0AF0F /* libsfml-system.2.5.1.dylib */ = {isa = PBXFileReference; lastKnownFileType = "compiled.mach-o.dylib"; name = "libsfml-system.2.5.1.dylib"; path = "ExternalLibrary/SFML/lib/libsfml-system.2.5.1.dylib"; sourceTree = "<group>"; };
		936ADFAD2660363900A0AF0F /* libsfml-window.2.5.1.dylib */ = {isa = PBXFileReference; lastKnownFileType = "compiled.mach-o.dylib"; name = "libsfml-window.2.5.1.dylib"; path = "ExternalLibrary/SFML/lib/libsfml-window.2.5.1.dylib"; sourceTree = "<group>"; };
		936ADFAE2660363900A0AF0F /* libsfml-network.2.5.1.dylib */ = {isa = PBXFileReference; lastKnownFileType = "compiled.mach-o.dylib"; name = "libsfml-network.2.5.1.dylib"; path = "ExternalLibrary/SFML/lib/libsfml-network.2.5.1.dylib"; sourceTree = "<group>"; };
		936ADFB42660381600A0AF0F /* Slider.cpp */ = {isa = PBXFileReference; lastKnownFileType = sourcecode.cpp.cpp; path = Slider.cpp; sourceTree = "<group>"; };
		936ADFB52660381600A0AF0F /* Slider.hpp */ = {isa = PBXFileReference; lastKnownFileType = sourcecode.cpp.h; path = Slider.hpp; sourceTree = "<group>"; };
		936ADFB72660396C00A0AF0F /* History.cpp */ = {isa = PBXFileReference; lastKnownFileType = sourcecode.cpp.cpp; path = History.cpp; sourceTree = "<group>"; };
		936ADFB82660396C00A0AF0F /* Snapshot.cpp */ = {isa = PBXFileReference; lastKnownFileType = sourcecode.cpp.cpp; path = Snapshot.cpp; sourceTree = "<group>"; };
		936ADFB92660396C00A0AF0F /* States.cpp */ = {isa = PBXFileReference; lastKnownFileType = sourcecode.cpp.cpp; path = States.cpp; sourceTree = "<group>"; };
		936ADFBD2660399300A0AF0F /* Snapshot.hpp */ = {isa = PBXFileReference; lastKnownFileType = sourcecode.cpp.h; path = Snapshot.hpp; sourceTree = "<group>"; };
		936ADFBE2660399300A0AF0F /* SnapshotInterface.hpp */ = {isa = PBXFileReference; lastKnownFileType = sourcecode.cpp.h; path = SnapshotInterface.hpp; sourceTree = "<group>"; };
		936ADFBF2660399300A0AF0F /* GUIComponent.hpp */ = {isa = PBXFileReference; lastKnownFileType = sourcecode.cpp.h; path = GUIComponent.hpp; sourceTree = "<group>"; };
		936ADFC02660399300A0AF0F /* States.hpp */ = {isa = PBXFileReference; lastKnownFileType = sourcecode.cpp.h; path = States.hpp; sourceTree = "<group>"; };
		936ADFC22660399300A0AF0F /* History.hpp */ = {isa = PBXFileReference; lastKnownFileType = sourcecode.cpp.h; path = History.hpp; sourceTree = "<group>"; };
		936ADFC32660399300A0AF0F /* MouseEvents.hpp */ = {isa = PBXFileReference; lastKnownFileType = sourcecode.cpp.h; path = MouseEvents.hpp; sourceTree = "<group>"; };
		936ADFC42660399300A0AF0F /* EventHandler.hpp */ = {isa = PBXFileReference; lastKnownFileType = sourcecode.cpp.h; path = EventHandler.hpp; sourceTree = "<group>"; };
		936ADFCE26606F7A00A0AF0F /* BottomMenu.hpp */ = {isa = PBXFileReference; lastKnownFileType = sourcecode.cpp.h; path = BottomMenu.hpp; sourceTree = "<group>"; };
/* End PBXFileReference section */

/* Begin PBXFrameworksBuildPhase section */
		936ADF9C266032CB00A0AF0F /* Frameworks */ = {
			isa = PBXFrameworksBuildPhase;
			buildActionMask = 2147483647;
			files = (
				936ADFAF2660363900A0AF0F /* libsfml-graphics.2.5.1.dylib in Frameworks */,
				936ADFB02660363900A0AF0F /* libsfml-audio.2.5.1.dylib in Frameworks */,
				936ADFB12660363900A0AF0F /* libsfml-system.2.5.1.dylib in Frameworks */,
				936ADFB22660363900A0AF0F /* libsfml-window.2.5.1.dylib in Frameworks */,
				936ADFB32660363900A0AF0F /* libsfml-network.2.5.1.dylib in Frameworks */,
			);
			runOnlyForDeploymentPostprocessing = 0;
		};
/* End PBXFrameworksBuildPhase section */

/* Begin PBXGroup section */
		936ADF96266032CB00A0AF0F = {
			isa = PBXGroup;
			children = (
				93385FC426702A5000F5396F /* images */,
				93385FC326702A5000F5396F /* projs */,
				936ADFA1266032CB00A0AF0F /* LogoMaker */,
				936ADFA0266032CB00A0AF0F /* Products */,
				936ADFA92660363900A0AF0F /* Frameworks */,
			);
			sourceTree = "<group>";
		};
		936ADFA0266032CB00A0AF0F /* Products */ = {
			isa = PBXGroup;
			children = (
				936ADF9F266032CB00A0AF0F /* LogoMaker */,
			);
			name = Products;
			sourceTree = "<group>";
		};
		936ADFA1266032CB00A0AF0F /* LogoMaker */ = {
			isa = PBXGroup;
			children = (
				93385FBA26701AF100F5396F /* file.png */,
				93385FB926701AF100F5396F /* folder.png */,
				931AF31B2667FE1100CBFF6D /* Verdana Bold.ttf */,
				931AF31A2667FE1100CBFF6D /* Verdana Italic.ttf */,
				931AF3192667FE1100CBFF6D /* Verdana.ttf */,
				931AF30F2667FD7A00CBFF6D /* Arial Bold.ttf */,
				931AF30E2667FD7A00CBFF6D /* Arial Italic.ttf */,
				93516F8726645BB400DE7F32 /* Arial.ttf */,
				931AF30B2667FD7A00CBFF6D /* Courier New Bold.ttf */,
				931AF3092667FD7A00CBFF6D /* Courier New Italic.ttf */,
				931AF30A2667FD7A00CBFF6D /* Courier New.ttf */,
				931AF30D2667FD7A00CBFF6D /* Times New Roman Bold.ttf */,
				931AF3102667FD7A00CBFF6D /* Times New Roman Italic.ttf */,
				931AF30C2667FD7A00CBFF6D /* Times New Roman.ttf */,
				936ADFC02660399300A0AF0F /* States.hpp */,
				936ADFB92660396C00A0AF0F /* States.cpp */,
				936ADFC32660399300A0AF0F /* MouseEvents.hpp */,
				936ADFC42660399300A0AF0F /* EventHandler.hpp */,
				936ADFBF2660399300A0AF0F /* GUIComponent.hpp */,
				936ADFC22660399300A0AF0F /* History.hpp */,
				936ADFB72660396C00A0AF0F /* History.cpp */,
				936ADFBD2660399300A0AF0F /* Snapshot.hpp */,
				936ADFBE2660399300A0AF0F /* SnapshotInterface.hpp */,
				936ADFB82660396C00A0AF0F /* Snapshot.cpp */,
				936ADFA2266032CB00A0AF0F /* main.cpp */,
				936ADFB42660381600A0AF0F /* Slider.cpp */,
				936ADFB52660381600A0AF0F /* Slider.hpp */,
				93385FCA2670735400F5396F /* BottomMenu.cpp */,
				936ADFCE26606F7A00A0AF0F /* BottomMenu.hpp */,
				93516F8F2665834E00DE7F32 /* LogoMaker.cpp */,
				93516F902665834E00DE7F32 /* LogoMaker.hpp */,
				93516F92266585F000DE7F32 /* TextInputBox.cpp */,
				93516F93266585F000DE7F32 /* TextInputBox.hpp */,
				93516F95266586F900DE7F32 /* Cursor.cpp */,
				93516F96266586F900DE7F32 /* Cursor.hpp */,
				93516F982665886F00DE7F32 /* Typing.cpp */,
				93516F992665886F00DE7F32 /* Typing.hpp */,
				93516F9B2665908100DE7F32 /* TextInput.cpp */,
				93516F9C2665908100DE7F32 /* TextInput.hpp */,
				9350509E2666F4B4002CCAA2 /* ColorSquare.cpp */,
				9350509F2666F4B4002CCAA2 /* ColorSquare.hpp */,
				935050A12666FA17002CCAA2 /* ColorList.cpp */,
				935050A22666FA17002CCAA2 /* ColorList.hpp */,
				935050A426670C60002CCAA2 /* ColorGradient.cpp */,
				935050A526670C60002CCAA2 /* ColorGradient.hpp */,
				935050A726672C6E002CCAA2 /* ColorPicker.cpp */,
				935050A826672C6E002CCAA2 /* ColorPicker.hpp */,
				931AF3062667F0BF00CBFF6D /* ColorBar.cpp */,
				931AF3072667F0BF00CBFF6D /* ColorBar.hpp */,
				931AF31F26680B5A00CBFF6D /* Item.cpp */,
				931AF32026680B5A00CBFF6D /* Item.hpp */,
				931AF32226680DD400CBFF6D /* InputBox.cpp */,
				931AF32326680DD400CBFF6D /* InputBox.hpp */,
				931AF325266818E800CBFF6D /* ItemList.cpp */,
				931AF326266818E800CBFF6D /* ItemList.hpp */,
				931AF32826681D1200CBFF6D /* DropDownMenu.cpp */,
				931AF32926681D1200CBFF6D /* DropDownMenu.hpp */,
				931AF32B26681F3A00CBFF6D /* FontSetting.cpp */,
				931AF32C26681F3A00CBFF6D /* FontSetting.hpp */,
				9369EB34266C8C3400D6D00C /* MenuBar.cpp */,
				9369EB35266C8C3400D6D00C /* MenuBar.hpp */,
				9369EB37266C97DA00D6D00C /* Menu.cpp */,
				9369EB38266C97DA00D6D00C /* Menu.hpp */,
				9336974E266EC5DB00E7B03E /* WindowDialog.cpp */,
				9336974F266EC5DB00E7B03E /* WindowDialog.hpp */,
				93385FB62670183100F5396F /* FileItem.cpp */,
				93385FB72670183100F5396F /* FileItem.hpp */,
				93385FBD267021C300F5396F /* FileNode.cpp */,
				93385FBE267021C300F5396F /* FileNode.hpp */,
				93385FC02670264F00F5396F /* FileTree.cpp */,
				93385FC12670264F00F5396F /* FileTree.hpp */,
				93385FC726706B7100F5396F /* NewFile.cpp */,
				93385FC826706B7100F5396F /* NewFile.hpp */,
			);
			path = LogoMaker;
			sourceTree = "<group>";
		};
		936ADFA92660363900A0AF0F /* Frameworks */ = {
			isa = PBXGroup;
			children = (
				936ADFAB2660363900A0AF0F /* libsfml-audio.2.5.1.dylib */,
				936ADFAA2660363900A0AF0F /* libsfml-graphics.2.5.1.dylib */,
				936ADFAE2660363900A0AF0F /* libsfml-network.2.5.1.dylib */,
				936ADFAC2660363900A0AF0F /* libsfml-system.2.5.1.dylib */,
				936ADFAD2660363900A0AF0F /* libsfml-window.2.5.1.dylib */,
			);
			name = Frameworks;
			sourceTree = "<group>";
		};
/* End PBXGroup section */

/* Begin PBXNativeTarget section */
		936ADF9E266032CB00A0AF0F /* LogoMaker */ = {
			isa = PBXNativeTarget;
			buildConfigurationList = 936ADFA6266032CB00A0AF0F /* Build configuration list for PBXNativeTarget "LogoMaker" */;
			buildPhases = (
				936ADF9B266032CB00A0AF0F /* Sources */,
				936ADF9C266032CB00A0AF0F /* Frameworks */,
				936ADF9D266032CB00A0AF0F /* Copy Files */,
			);
			buildRules = (
			);
			dependencies = (
			);
			name = LogoMaker;
			productName = LogoMaker;
			productReference = 936ADF9F266032CB00A0AF0F /* LogoMaker */;
			productType = "com.apple.product-type.tool";
		};
/* End PBXNativeTarget section */

/* Begin PBXProject section */
		936ADF97266032CB00A0AF0F /* Project object */ = {
			isa = PBXProject;
			attributes = {
				LastUpgradeCheck = 1250;
				TargetAttributes = {
					936ADF9E266032CB00A0AF0F = {
						CreatedOnToolsVersion = 12.5;
					};
				};
			};
			buildConfigurationList = 936ADF9A266032CB00A0AF0F /* Build configuration list for PBXProject "LogoMaker" */;
			compatibilityVersion = "Xcode 9.3";
			developmentRegion = en;
			hasScannedForEncodings = 0;
			knownRegions = (
				en,
				Base,
			);
			mainGroup = 936ADF96266032CB00A0AF0F;
			productRefGroup = 936ADFA0266032CB00A0AF0F /* Products */;
			projectDirPath = "";
			projectRoot = "";
			targets = (
				936ADF9E266032CB00A0AF0F /* LogoMaker */,
			);
		};
/* End PBXProject section */

/* Begin PBXSourcesBuildPhase section */
		936ADF9B266032CB00A0AF0F /* Sources */ = {
			isa = PBXSourcesBuildPhase;
			buildActionMask = 2147483647;
			files = (
				93385FCB2670735400F5396F /* BottomMenu.cpp in Sources */,
				93385FB82670183100F5396F /* FileItem.cpp in Sources */,
				9369EB36266C8C3400D6D00C /* MenuBar.cpp in Sources */,
				93516F9A2665886F00DE7F32 /* Typing.cpp in Sources */,
				931AF3082667F0BF00CBFF6D /* ColorBar.cpp in Sources */,
				936ADFBA2660396C00A0AF0F /* History.cpp in Sources */,
				93385FBF267021C300F5396F /* FileNode.cpp in Sources */,
				936ADFBB2660396C00A0AF0F /* Snapshot.cpp in Sources */,
				93516F9D2665908100DE7F32 /* TextInput.cpp in Sources */,
				935050A926672C6E002CCAA2 /* ColorPicker.cpp in Sources */,
				931AF32426680DD400CBFF6D /* InputBox.cpp in Sources */,
				93385FC926706B7100F5396F /* NewFile.cpp in Sources */,
				931AF32126680B5A00CBFF6D /* Item.cpp in Sources */,
				935050A02666F4B4002CCAA2 /* ColorSquare.cpp in Sources */,
				935050A32666FA17002CCAA2 /* ColorList.cpp in Sources */,
				931AF32D26681F3A00CBFF6D /* FontSetting.cpp in Sources */,
				936ADFBC2660396C00A0AF0F /* States.cpp in Sources */,
				931AF327266818E800CBFF6D /* ItemList.cpp in Sources */,
				93516F97266586F900DE7F32 /* Cursor.cpp in Sources */,
				9369EB39266C97DA00D6D00C /* Menu.cpp in Sources */,
				93369750266EC5DB00E7B03E /* WindowDialog.cpp in Sources */,
				935050A626670C60002CCAA2 /* ColorGradient.cpp in Sources */,
				931AF32A26681D1200CBFF6D /* DropDownMenu.cpp in Sources */,
				93385FC22670264F00F5396F /* FileTree.cpp in Sources */,
				936ADFB62660381600A0AF0F /* Slider.cpp in Sources */,
				936ADFA3266032CB00A0AF0F /* main.cpp in Sources */,
				93516F912665834E00DE7F32 /* LogoMaker.cpp in Sources */,
				93516F94266585F000DE7F32 /* TextInputBox.cpp in Sources */,
			);
			runOnlyForDeploymentPostprocessing = 0;
		};
/* End PBXSourcesBuildPhase section */

/* Begin XCBuildConfiguration section */
		936ADFA4266032CB00A0AF0F /* Debug */ = {
			isa = XCBuildConfiguration;
			buildSettings = {
				ALWAYS_SEARCH_USER_PATHS = NO;
				CLANG_ANALYZER_NONNULL = YES;
				CLANG_ANALYZER_NUMBER_OBJECT_CONVERSION = YES_AGGRESSIVE;
				CLANG_CXX_LANGUAGE_STANDARD = "gnu++14";
				CLANG_CXX_LIBRARY = "libc++";
				CLANG_ENABLE_MODULES = YES;
				CLANG_ENABLE_OBJC_ARC = YES;
				CLANG_ENABLE_OBJC_WEAK = YES;
				CLANG_WARN_BLOCK_CAPTURE_AUTORELEASING = YES;
				CLANG_WARN_BOOL_CONVERSION = YES;
				CLANG_WARN_COMMA = YES;
				CLANG_WARN_CONSTANT_CONVERSION = YES;
				CLANG_WARN_DEPRECATED_OBJC_IMPLEMENTATIONS = YES;
				CLANG_WARN_DIRECT_OBJC_ISA_USAGE = YES_ERROR;
				CLANG_WARN_DOCUMENTATION_COMMENTS = YES;
				CLANG_WARN_EMPTY_BODY = YES;
				CLANG_WARN_ENUM_CONVERSION = YES;
				CLANG_WARN_INFINITE_RECURSION = YES;
				CLANG_WARN_INT_CONVERSION = YES;
				CLANG_WARN_NON_LITERAL_NULL_CONVERSION = YES;
				CLANG_WARN_OBJC_IMPLICIT_RETAIN_SELF = YES;
				CLANG_WARN_OBJC_LITERAL_CONVERSION = YES;
				CLANG_WARN_OBJC_ROOT_CLASS = YES_ERROR;
				CLANG_WARN_QUOTED_INCLUDE_IN_FRAMEWORK_HEADER = YES;
				CLANG_WARN_RANGE_LOOP_ANALYSIS = YES;
				CLANG_WARN_STRICT_PROTOTYPES = YES;
				CLANG_WARN_SUSPICIOUS_MOVE = YES;
				CLANG_WARN_UNGUARDED_AVAILABILITY = YES_AGGRESSIVE;
				CLANG_WARN_UNREACHABLE_CODE = YES;
				CLANG_WARN__DUPLICATE_METHOD_MATCH = YES;
				COPY_PHASE_STRIP = NO;
				DEBUG_INFORMATION_FORMAT = dwarf;
				ENABLE_STRICT_OBJC_MSGSEND = YES;
				ENABLE_TESTABILITY = YES;
				GCC_C_LANGUAGE_STANDARD = gnu11;
				GCC_DYNAMIC_NO_PIC = NO;
				GCC_NO_COMMON_BLOCKS = YES;
				GCC_OPTIMIZATION_LEVEL = 0;
				GCC_PREPROCESSOR_DEFINITIONS = (
					"DEBUG=1",
					"$(inherited)",
				);
				GCC_WARN_64_TO_32_BIT_CONVERSION = YES;
				GCC_WARN_ABOUT_RETURN_TYPE = YES_ERROR;
				GCC_WARN_UNDECLARED_SELECTOR = YES;
				GCC_WARN_UNINITIALIZED_AUTOS = YES_AGGRESSIVE;
				GCC_WARN_UNUSED_FUNCTION = YES;
				GCC_WARN_UNUSED_VARIABLE = YES;
				MACOSX_DEPLOYMENT_TARGET = 11.3;
				MTL_ENABLE_DEBUG_INFO = INCLUDE_SOURCE;
				MTL_FAST_MATH = YES;
				ONLY_ACTIVE_ARCH = YES;
				SDKROOT = macosx;
			};
			name = Debug;
		};
		936ADFA5266032CB00A0AF0F /* Release */ = {
			isa = XCBuildConfiguration;
			buildSettings = {
				ALWAYS_SEARCH_USER_PATHS = NO;
				CLANG_ANALYZER_NONNULL = YES;
				CLANG_ANALYZER_NUMBER_OBJECT_CONVERSION = YES_AGGRESSIVE;
				CLANG_CXX_LANGUAGE_STANDARD = "gnu++14";
				CLANG_CXX_LIBRARY = "libc++";
				CLANG_ENABLE_MODULES = YES;
				CLANG_ENABLE_OBJC_ARC = YES;
				CLANG_ENABLE_OBJC_WEAK = YES;
				CLANG_WARN_BLOCK_CAPTURE_AUTORELEASING = YES;
				CLANG_WARN_BOOL_CONVERSION = YES;
				CLANG_WARN_COMMA = YES;
				CLANG_WARN_CONSTANT_CONVERSION = YES;
				CLANG_WARN_DEPRECATED_OBJC_IMPLEMENTATIONS = YES;
				CLANG_WARN_DIRECT_OBJC_ISA_USAGE = YES_ERROR;
				CLANG_WARN_DOCUMENTATION_COMMENTS = YES;
				CLANG_WARN_EMPTY_BODY = YES;
				CLANG_WARN_ENUM_CONVERSION = YES;
				CLANG_WARN_INFINITE_RECURSION = YES;
				CLANG_WARN_INT_CONVERSION = YES;
				CLANG_WARN_NON_LITERAL_NULL_CONVERSION = YES;
				CLANG_WARN_OBJC_IMPLICIT_RETAIN_SELF = YES;
				CLANG_WARN_OBJC_LITERAL_CONVERSION = YES;
				CLANG_WARN_OBJC_ROOT_CLASS = YES_ERROR;
				CLANG_WARN_QUOTED_INCLUDE_IN_FRAMEWORK_HEADER = YES;
				CLANG_WARN_RANGE_LOOP_ANALYSIS = YES;
				CLANG_WARN_STRICT_PROTOTYPES = YES;
				CLANG_WARN_SUSPICIOUS_MOVE = YES;
				CLANG_WARN_UNGUARDED_AVAILABILITY = YES_AGGRESSIVE;
				CLANG_WARN_UNREACHABLE_CODE = YES;
				CLANG_WARN__DUPLICATE_METHOD_MATCH = YES;
				COPY_PHASE_STRIP = NO;
				DEBUG_INFORMATION_FORMAT = "dwarf-with-dsym";
				ENABLE_NS_ASSERTIONS = NO;
				ENABLE_STRICT_OBJC_MSGSEND = YES;
				GCC_C_LANGUAGE_STANDARD = gnu11;
				GCC_NO_COMMON_BLOCKS = YES;
				GCC_WARN_64_TO_32_BIT_CONVERSION = YES;
				GCC_WARN_ABOUT_RETURN_TYPE = YES_ERROR;
				GCC_WARN_UNDECLARED_SELECTOR = YES;
				GCC_WARN_UNINITIALIZED_AUTOS = YES_AGGRESSIVE;
				GCC_WARN_UNUSED_FUNCTION = YES;
				GCC_WARN_UNUSED_VARIABLE = YES;
				MACOSX_DEPLOYMENT_TARGET = 11.3;
				MTL_ENABLE_DEBUG_INFO = NO;
				MTL_FAST_MATH = YES;
				SDKROOT = macosx;
			};
			name = Release;
		};
		936ADFA7266032CB00A0AF0F /* Debug */ = {
			isa = XCBuildConfiguration;
			buildSettings = {
				CODE_SIGN_STYLE = Automatic;
				HEADER_SEARCH_PATHS = "${SRCROOT}/ExternalLibrary/SFML/include";
				LIBRARY_SEARCH_PATHS = (
					"$(inherited)",
					"$(PROJECT_DIR)/ExternalLibrary/SFML/lib",
				);
				PRODUCT_NAME = "$(TARGET_NAME)";
			};
			name = Debug;
		};
		936ADFA8266032CB00A0AF0F /* Release */ = {
			isa = XCBuildConfiguration;
			buildSettings = {
				CODE_SIGN_STYLE = Automatic;
				HEADER_SEARCH_PATHS = "${SRCROOT}/ExternalLibrary/SFML/include";
				LIBRARY_SEARCH_PATHS = (
					"$(inherited)",
					"$(PROJECT_DIR)/ExternalLibrary/SFML/lib",
				);
				PRODUCT_NAME = "$(TARGET_NAME)";
			};
			name = Release;
		};
/* End XCBuildConfiguration section */

/* Begin XCConfigurationList section */
		936ADF9A266032CB00A0AF0F /* Build configuration list for PBXProject "LogoMaker" */ = {
			isa = XCConfigurationList;
			buildConfigurations = (
				936ADFA4266032CB00A0AF0F /* Debug */,
				936ADFA5266032CB00A0AF0F /* Release */,
			);
			defaultConfigurationIsVisible = 0;
			defaultConfigurationName = Release;
		};
		936ADFA6266032CB00A0AF0F /* Build configuration list for PBXNativeTarget "LogoMaker" */ = {
			isa = XCConfigurationList;
			buildConfigurations = (
				936ADFA7266032CB00A0AF0F /* Debug */,
				936ADFA8266032CB00A0AF0F /* Release */,
			);
			defaultConfigurationIsVisible = 0;
			defaultConfigurationName = Release;
		};
/* End XCConfigurationList section */
	};
	rootObject = 936ADF97266032CB00A0AF0F /* Project object */;
}
